
Microsoft Visual Studio Solution File, Format Version 12.00
# Visual Studio Version 16
VisualStudioVersion = 16.0.30523.141
MinimumVisualStudioVersion = 10.0.40219.1
Project("{FAE04EC0-301F-11D3-BF4B-00C04F79EFBC}") = "Presentation", "Presentation\Presentation.csproj", "{A811098E-0B0F-49DB-ACA5-3CFBC5106A2C}"
EndProject
Global
	GlobalSection(SolutionConfigurationPlatforms) = preSolution
		Debug|Any CPU = Debug|Any CPU
		Release|Any CPU = Release|Any CPU
	EndGlobalSection
	GlobalSection(ProjectConfigurationPlatforms) = postSolution
		{A811098E-0B0F-49DB-ACA5-3CFBC5106A2C}.Debug|Any CPU.ActiveCfg = Debug|Any CPU
		{A811098E-0B0F-49DB-ACA5-3CFBC5106A2C}.Debug|Any CPU.Build.0 = Debug|Any CPU
		{A811098E-0B0F-49DB-ACA5-3CFBC5106A2C}.Release|Any CPU.ActiveCfg = Release|Any CPU
		{A811098E-0B0F-49DB-ACA5-3CFBC5106A2C}.Release|Any CPU.Build.0 = Release|Any CPU
	EndGlobalSection
	GlobalSection(SolutionProperties) = preSolution
		HideSolutionNode = FALSE
	EndGlobalSection
	GlobalSection(ExtensibilityGlobals) = postSolution
		SolutionGuid = {56C5E333-A321-4DF2-8E91-4BE251FD4495}
	EndGlobalSection
EndGlobal
